<?xml version="1.0" encoding="UTF-8"?>
<!DOCTYPE plist PUBLIC "-//Apple//DTD PLIST 1.0//EN" "http://www.apple.com/DTDs/PropertyList-1.0.dtd">
<plist version="1.0">
<dict>
	<key>archiveVersion</key>
	<string>1</string>
	<key>classes</key>
	<dict/>
	<key>objectVersion</key>
	<string>46</string>
	<key>objects</key>
	<dict>
		<key>079AE16BAE09411887F321F5</key>
		<dict>
			<key>explicitFileType</key>
			<string>archive.ar</string>
			<key>includeInIndex</key>
			<string>0</string>
			<key>isa</key>
			<string>PBXFileReference</string>
			<key>path</key>
			<string>libPods.a</string>
			<key>sourceTree</key>
			<string>BUILT_PRODUCTS_DIR</string>
		</dict>
		<key>49C5F3571872885600E24D00</key>
		<dict>
			<key>children</key>
			<array>
				<string>49C5F3A0187296CD00E24D00</string>
				<string>49C5F3691872885600E24D00</string>
				<string>49C5F38A1872885700E24D00</string>
				<string>49C5F3621872885600E24D00</string>
				<string>49C5F3611872885600E24D00</string>
				<string>8F77560E27DC42839938A651</string>
			</array>
			<key>isa</key>
			<string>PBXGroup</string>
			<key>sourceTree</key>
			<string>&lt;group&gt;</string>
		</dict>
		<key>49C5F3581872885600E24D00</key>
		<dict>
			<key>attributes</key>
			<dict>
				<key>CLASSPREFIX</key>
				<string>SSB</string>
				<key>LastUpgradeCheck</key>
				<string>0500</string>
				<key>ORGANIZATIONNAME</key>
				<string>Thomas Forzaglia</string>
				<key>TargetAttributes</key>
				<dict>
					<key>49C5F3831872885700E24D00</key>
					<dict>
						<key>TestTargetID</key>
						<string>49C5F35F1872885600E24D00</string>
					</dict>
				</dict>
			</dict>
			<key>buildConfigurationList</key>
			<string>49C5F35B1872885600E24D00</string>
			<key>compatibilityVersion</key>
			<string>Xcode 3.2</string>
			<key>developmentRegion</key>
			<string>English</string>
			<key>hasScannedForEncodings</key>
			<string>0</string>
			<key>isa</key>
			<string>PBXProject</string>
			<key>knownRegions</key>
			<array>
				<string>en</string>
				<string>Base</string>
			</array>
			<key>mainGroup</key>
			<string>49C5F3571872885600E24D00</string>
			<key>productRefGroup</key>
			<string>49C5F3611872885600E24D00</string>
			<key>projectDirPath</key>
			<string></string>
			<key>projectReferences</key>
			<array/>
			<key>projectRoot</key>
			<string></string>
			<key>targets</key>
			<array>
				<string>49C5F35F1872885600E24D00</string>
				<string>49C5F3831872885700E24D00</string>
			</array>
		</dict>
		<key>49C5F35B1872885600E24D00</key>
		<dict>
			<key>buildConfigurations</key>
			<array>
				<string>49C5F3921872885700E24D00</string>
				<string>49C5F3931872885700E24D00</string>
			</array>
			<key>defaultConfigurationIsVisible</key>
			<string>0</string>
			<key>defaultConfigurationName</key>
			<string>Release</string>
			<key>isa</key>
			<string>XCConfigurationList</string>
		</dict>
		<key>49C5F35C1872885600E24D00</key>
		<dict>
			<key>buildActionMask</key>
			<string>2147483647</string>
			<key>files</key>
			<array>
				<string>49C5F3701872885700E24D00</string>
				<string>49C5F3771872885700E24D00</string>
			</array>
			<key>isa</key>
			<string>PBXSourcesBuildPhase</string>
			<key>runOnlyForDeploymentPostprocessing</key>
			<string>0</string>
		</dict>
		<key>49C5F35D1872885600E24D00</key>
		<dict>
			<key>buildActionMask</key>
			<string>2147483647</string>
			<key>files</key>
			<array>
				<string>49C5F3641872885600E24D00</string>
				<string>A1821E8A293547B5ADA06A1C</string>
			</array>
			<key>isa</key>
			<string>PBXFrameworksBuildPhase</string>
			<key>runOnlyForDeploymentPostprocessing</key>
			<string>0</string>
		</dict>
		<key>49C5F35E1872885600E24D00</key>
		<dict>
			<key>buildActionMask</key>
			<string>2147483647</string>
			<key>files</key>
			<array>
				<string>49C5F37A1872885700E24D00</string>
				<string>49C5F37F1872885700E24D00</string>
				<string>49C5F36E1872885600E24D00</string>
				<string>49C5F3A1187296CD00E24D00</string>
				<string>49C5F3741872885700E24D00</string>
				<string>49C5F37D1872885700E24D00</string>
			</array>
			<key>isa</key>
			<string>PBXResourcesBuildPhase</string>
			<key>runOnlyForDeploymentPostprocessing</key>
			<string>0</string>
		</dict>
		<key>49C5F35F1872885600E24D00</key>
		<dict>
			<key>buildConfigurationList</key>
			<string>49C5F3941872885700E24D00</string>
			<key>buildPhases</key>
			<array>
				<string>B6DF2E3E51394786AB47E7AE</string>
				<string>49C5F35C1872885600E24D00</string>
				<string>49C5F35D1872885600E24D00</string>
				<string>49C5F35E1872885600E24D00</string>
				<string>959BC9EA8CA4403E8CA983AA</string>
			</array>
			<key>buildRules</key>
			<array/>
			<key>dependencies</key>
			<array/>
			<key>isa</key>
			<string>PBXNativeTarget</string>
			<key>name</key>
			<string>SSBFranchiseTool</string>
			<key>productName</key>
			<string>SSBFranchiseTool</string>
			<key>productReference</key>
			<string>49C5F3601872885600E24D00</string>
			<key>productType</key>
			<string>com.apple.product-type.application</string>
		</dict>
		<key>49C5F3601872885600E24D00</key>
		<dict>
			<key>explicitFileType</key>
			<string>wrapper.application</string>
			<key>includeInIndex</key>
			<string>0</string>
			<key>isa</key>
			<string>PBXFileReference</string>
			<key>path</key>
			<string>SSBFranchiseTool.app</string>
			<key>sourceTree</key>
			<string>BUILT_PRODUCTS_DIR</string>
		</dict>
		<key>49C5F3611872885600E24D00</key>
		<dict>
			<key>children</key>
			<array>
				<string>49C5F3601872885600E24D00</string>
				<string>49C5F3841872885700E24D00</string>
			</array>
			<key>isa</key>
			<string>PBXGroup</string>
			<key>name</key>
			<string>Products</string>
			<key>sourceTree</key>
			<string>&lt;group&gt;</string>
		</dict>
		<key>49C5F3621872885600E24D00</key>
		<dict>
			<key>children</key>
			<array>
				<string>49C5F3631872885600E24D00</string>
				<string>49C5F3851872885700E24D00</string>
				<string>49C5F3651872885600E24D00</string>
				<string>079AE16BAE09411887F321F5</string>
			</array>
			<key>isa</key>
			<string>PBXGroup</string>
			<key>name</key>
			<string>Frameworks</string>
			<key>sourceTree</key>
			<string>&lt;group&gt;</string>
		</dict>
		<key>49C5F3631872885600E24D00</key>
		<dict>
			<key>isa</key>
			<string>PBXFileReference</string>
			<key>lastKnownFileType</key>
			<string>wrapper.framework</string>
			<key>name</key>
			<string>Cocoa.framework</string>
			<key>path</key>
			<string>System/Library/Frameworks/Cocoa.framework</string>
			<key>sourceTree</key>
			<string>SDKROOT</string>
		</dict>
		<key>49C5F3641872885600E24D00</key>
		<dict>
			<key>fileRef</key>
			<string>49C5F3631872885600E24D00</string>
			<key>isa</key>
			<string>PBXBuildFile</string>
		</dict>
		<key>49C5F3651872885600E24D00</key>
		<dict>
			<key>children</key>
			<array>
				<string>49C5F3661872885600E24D00</string>
				<string>49C5F3671872885600E24D00</string>
				<string>49C5F3681872885600E24D00</string>
			</array>
			<key>isa</key>
			<string>PBXGroup</string>
			<key>name</key>
			<string>Other Frameworks</string>
			<key>sourceTree</key>
			<string>&lt;group&gt;</string>
		</dict>
		<key>49C5F3661872885600E24D00</key>
		<dict>
			<key>isa</key>
			<string>PBXFileReference</string>
			<key>lastKnownFileType</key>
			<string>wrapper.framework</string>
			<key>name</key>
			<string>AppKit.framework</string>
			<key>path</key>
			<string>System/Library/Frameworks/AppKit.framework</string>
			<key>sourceTree</key>
			<string>SDKROOT</string>
		</dict>
		<key>49C5F3671872885600E24D00</key>
		<dict>
			<key>isa</key>
			<string>PBXFileReference</string>
			<key>lastKnownFileType</key>
			<string>wrapper.framework</string>
			<key>name</key>
			<string>CoreData.framework</string>
			<key>path</key>
			<string>System/Library/Frameworks/CoreData.framework</string>
			<key>sourceTree</key>
			<string>SDKROOT</string>
		</dict>
		<key>49C5F3681872885600E24D00</key>
		<dict>
			<key>isa</key>
			<string>PBXFileReference</string>
			<key>lastKnownFileType</key>
			<string>wrapper.framework</string>
			<key>name</key>
			<string>Foundation.framework</string>
			<key>path</key>
			<string>System/Library/Frameworks/Foundation.framework</string>
			<key>sourceTree</key>
			<string>SDKROOT</string>
		</dict>
		<key>49C5F3691872885600E24D00</key>
		<dict>
			<key>children</key>
			<array>
				<string>49C5F3751872885700E24D00</string>
				<string>49C5F3761872885700E24D00</string>
				<string>49C5F3781872885700E24D00</string>
				<string>49C5F37B1872885700E24D00</string>
				<string>49C5F37E1872885700E24D00</string>
				<string>49C5F36A1872885600E24D00</string>
			</array>
			<key>isa</key>
			<string>PBXGroup</string>
			<key>path</key>
			<string>SSBFranchiseTool</string>
			<key>sourceTree</key>
			<string>&lt;group&gt;</string>
		</dict>
		<key>49C5F36A1872885600E24D00</key>
		<dict>
			<key>children</key>
			<array>
				<string>49C5F36B1872885600E24D00</string>
				<string>49C5F36C1872885600E24D00</string>
				<string>49C5F36F1872885700E24D00</string>
				<string>49C5F3711872885700E24D00</string>
				<string>49C5F3721872885700E24D00</string>
			</array>
			<key>isa</key>
			<string>PBXGroup</string>
			<key>name</key>
			<string>Supporting Files</string>
			<key>sourceTree</key>
			<string>&lt;group&gt;</string>
		</dict>
		<key>49C5F36B1872885600E24D00</key>
		<dict>
			<key>isa</key>
			<string>PBXFileReference</string>
			<key>lastKnownFileType</key>
			<string>text.plist.xml</string>
			<key>path</key>
			<string>SSBFranchiseTool-Info.plist</string>
			<key>sourceTree</key>
			<string>&lt;group&gt;</string>
		</dict>
		<key>49C5F36C1872885600E24D00</key>
		<dict>
			<key>children</key>
			<array>
				<string>49C5F36D1872885600E24D00</string>
			</array>
			<key>isa</key>
			<string>PBXVariantGroup</string>
			<key>name</key>
			<string>InfoPlist.strings</string>
			<key>sourceTree</key>
			<string>&lt;group&gt;</string>
		</dict>
		<key>49C5F36D1872885600E24D00</key>
		<dict>
			<key>isa</key>
			<string>PBXFileReference</string>
			<key>lastKnownFileType</key>
			<string>text.plist.strings</string>
			<key>name</key>
			<string>en</string>
			<key>path</key>
			<string>en.lproj/InfoPlist.strings</string>
			<key>sourceTree</key>
			<string>&lt;group&gt;</string>
		</dict>
		<key>49C5F36E1872885600E24D00</key>
		<dict>
			<key>fileRef</key>
			<string>49C5F36C1872885600E24D00</string>
			<key>isa</key>
			<string>PBXBuildFile</string>
		</dict>
		<key>49C5F36F1872885700E24D00</key>
		<dict>
			<key>isa</key>
			<string>PBXFileReference</string>
			<key>lastKnownFileType</key>
			<string>sourcecode.c.objc</string>
			<key>path</key>
			<string>main.m</string>
			<key>sourceTree</key>
			<string>&lt;group&gt;</string>
		</dict>
		<key>49C5F3701872885700E24D00</key>
		<dict>
			<key>fileRef</key>
			<string>49C5F36F1872885700E24D00</string>
			<key>isa</key>
			<string>PBXBuildFile</string>
		</dict>
		<key>49C5F3711872885700E24D00</key>
		<dict>
			<key>isa</key>
			<string>PBXFileReference</string>
			<key>lastKnownFileType</key>
			<string>sourcecode.c.h</string>
			<key>path</key>
			<string>SSBFranchiseTool-Prefix.pch</string>
			<key>sourceTree</key>
			<string>&lt;group&gt;</string>
		</dict>
		<key>49C5F3721872885700E24D00</key>
		<dict>
			<key>children</key>
			<array>
				<string>49C5F3731872885700E24D00</string>
			</array>
			<key>isa</key>
			<string>PBXVariantGroup</string>
			<key>name</key>
			<string>Credits.rtf</string>
			<key>sourceTree</key>
			<string>&lt;group&gt;</string>
		</dict>
		<key>49C5F3731872885700E24D00</key>
		<dict>
			<key>isa</key>
			<string>PBXFileReference</string>
			<key>lastKnownFileType</key>
			<string>text.rtf</string>
			<key>name</key>
			<string>en</string>
			<key>path</key>
			<string>en.lproj/Credits.rtf</string>
			<key>sourceTree</key>
			<string>&lt;group&gt;</string>
		</dict>
		<key>49C5F3741872885700E24D00</key>
		<dict>
			<key>fileRef</key>
			<string>49C5F3721872885700E24D00</string>
			<key>isa</key>
			<string>PBXBuildFile</string>
		</dict>
		<key>49C5F3751872885700E24D00</key>
		<dict>
			<key>isa</key>
			<string>PBXFileReference</string>
			<key>lastKnownFileType</key>
			<string>sourcecode.c.h</string>
			<key>path</key>
			<string>SSBDocument.h</string>
			<key>sourceTree</key>
			<string>&lt;group&gt;</string>
		</dict>
		<key>49C5F3761872885700E24D00</key>
		<dict>
			<key>isa</key>
			<string>PBXFileReference</string>
			<key>lastKnownFileType</key>
			<string>sourcecode.c.objc</string>
			<key>path</key>
			<string>SSBDocument.m</string>
			<key>sourceTree</key>
			<string>&lt;group&gt;</string>
		</dict>
		<key>49C5F3771872885700E24D00</key>
		<dict>
			<key>fileRef</key>
			<string>49C5F3761872885700E24D00</string>
			<key>isa</key>
			<string>PBXBuildFile</string>
		</dict>
		<key>49C5F3781872885700E24D00</key>
		<dict>
			<key>children</key>
			<array>
				<string>49C5F3791872885700E24D00</string>
			</array>
			<key>isa</key>
			<string>PBXVariantGroup</string>
			<key>name</key>
			<string>SSBDocument.xib</string>
			<key>sourceTree</key>
			<string>&lt;group&gt;</string>
		</dict>
		<key>49C5F3791872885700E24D00</key>
		<dict>
			<key>isa</key>
			<string>PBXFileReference</string>
			<key>lastKnownFileType</key>
			<string>file.xib</string>
			<key>name</key>
			<string>Base</string>
			<key>path</key>
			<string>Base.lproj/SSBDocument.xib</string>
			<key>sourceTree</key>
			<string>&lt;group&gt;</string>
		</dict>
		<key>49C5F37A1872885700E24D00</key>
		<dict>
			<key>fileRef</key>
			<string>49C5F3781872885700E24D00</string>
			<key>isa</key>
			<string>PBXBuildFile</string>
		</dict>
		<key>49C5F37B1872885700E24D00</key>
		<dict>
			<key>children</key>
			<array>
				<string>49C5F37C1872885700E24D00</string>
			</array>
			<key>isa</key>
			<string>PBXVariantGroup</string>
			<key>name</key>
			<string>MainMenu.xib</string>
			<key>sourceTree</key>
			<string>&lt;group&gt;</string>
		</dict>
		<key>49C5F37C1872885700E24D00</key>
		<dict>
			<key>isa</key>
			<string>PBXFileReference</string>
			<key>lastKnownFileType</key>
			<string>file.xib</string>
			<key>name</key>
			<string>Base</string>
			<key>path</key>
			<string>Base.lproj/MainMenu.xib</string>
			<key>sourceTree</key>
			<string>&lt;group&gt;</string>
		</dict>
		<key>49C5F37D1872885700E24D00</key>
		<dict>
			<key>fileRef</key>
			<string>49C5F37B1872885700E24D00</string>
			<key>isa</key>
			<string>PBXBuildFile</string>
		</dict>
		<key>49C5F37E1872885700E24D00</key>
		<dict>
			<key>isa</key>
			<string>PBXFileReference</string>
			<key>lastKnownFileType</key>
			<string>folder.assetcatalog</string>
			<key>path</key>
			<string>Images.xcassets</string>
			<key>sourceTree</key>
			<string>&lt;group&gt;</string>
		</dict>
		<key>49C5F37F1872885700E24D00</key>
		<dict>
			<key>fileRef</key>
			<string>49C5F37E1872885700E24D00</string>
			<key>isa</key>
			<string>PBXBuildFile</string>
		</dict>
		<key>49C5F3801872885700E24D00</key>
		<dict>
			<key>buildActionMask</key>
			<string>2147483647</string>
			<key>files</key>
			<array>
				<string>49C5F3911872885700E24D00</string>
			</array>
			<key>isa</key>
			<string>PBXSourcesBuildPhase</string>
			<key>runOnlyForDeploymentPostprocessing</key>
			<string>0</string>
		</dict>
		<key>49C5F3811872885700E24D00</key>
		<dict>
			<key>buildActionMask</key>
			<string>2147483647</string>
			<key>files</key>
			<array>
				<string>49C5F3871872885700E24D00</string>
				<string>49C5F3861872885700E24D00</string>
			</array>
			<key>isa</key>
			<string>PBXFrameworksBuildPhase</string>
			<key>runOnlyForDeploymentPostprocessing</key>
			<string>0</string>
		</dict>
		<key>49C5F3821872885700E24D00</key>
		<dict>
			<key>buildActionMask</key>
			<string>2147483647</string>
			<key>files</key>
			<array>
				<string>49C5F38F1872885700E24D00</string>
			</array>
			<key>isa</key>
			<string>PBXResourcesBuildPhase</string>
			<key>runOnlyForDeploymentPostprocessing</key>
			<string>0</string>
		</dict>
		<key>49C5F3831872885700E24D00</key>
		<dict>
			<key>buildConfigurationList</key>
			<string>49C5F3971872885700E24D00</string>
			<key>buildPhases</key>
			<array>
				<string>49C5F3801872885700E24D00</string>
				<string>49C5F3811872885700E24D00</string>
				<string>49C5F3821872885700E24D00</string>
			</array>
			<key>buildRules</key>
			<array/>
			<key>dependencies</key>
			<array>
				<string>49C5F3891872885700E24D00</string>
			</array>
			<key>isa</key>
			<string>PBXNativeTarget</string>
			<key>name</key>
			<string>SSBFranchiseToolTests</string>
			<key>productName</key>
			<string>SSBFranchiseToolTests</string>
			<key>productReference</key>
			<string>49C5F3841872885700E24D00</string>
			<key>productType</key>
			<string>com.apple.product-type.bundle.unit-test</string>
		</dict>
		<key>49C5F3841872885700E24D00</key>
		<dict>
			<key>explicitFileType</key>
			<string>wrapper.cfbundle</string>
			<key>includeInIndex</key>
			<string>0</string>
			<key>isa</key>
			<string>PBXFileReference</string>
			<key>path</key>
			<string>SSBFranchiseToolTests.xctest</string>
			<key>sourceTree</key>
			<string>BUILT_PRODUCTS_DIR</string>
		</dict>
		<key>49C5F3851872885700E24D00</key>
		<dict>
			<key>isa</key>
			<string>PBXFileReference</string>
			<key>lastKnownFileType</key>
			<string>wrapper.framework</string>
			<key>name</key>
			<string>XCTest.framework</string>
			<key>path</key>
			<string>Library/Frameworks/XCTest.framework</string>
			<key>sourceTree</key>
			<string>DEVELOPER_DIR</string>
		</dict>
		<key>49C5F3861872885700E24D00</key>
		<dict>
			<key>fileRef</key>
			<string>49C5F3851872885700E24D00</string>
			<key>isa</key>
			<string>PBXBuildFile</string>
		</dict>
		<key>49C5F3871872885700E24D00</key>
		<dict>
			<key>fileRef</key>
			<string>49C5F3631872885600E24D00</string>
			<key>isa</key>
			<string>PBXBuildFile</string>
		</dict>
		<key>49C5F3881872885700E24D00</key>
		<dict>
			<key>containerPortal</key>
			<string>49C5F3581872885600E24D00</string>
			<key>isa</key>
			<string>PBXContainerItemProxy</string>
			<key>proxyType</key>
			<string>1</string>
			<key>remoteGlobalIDString</key>
			<string>49C5F35F1872885600E24D00</string>
			<key>remoteInfo</key>
			<string>SSBFranchiseTool</string>
		</dict>
		<key>49C5F3891872885700E24D00</key>
		<dict>
			<key>isa</key>
			<string>PBXTargetDependency</string>
			<key>target</key>
			<string>49C5F35F1872885600E24D00</string>
			<key>targetProxy</key>
			<string>49C5F3881872885700E24D00</string>
		</dict>
		<key>49C5F38A1872885700E24D00</key>
		<dict>
			<key>children</key>
			<array>
				<string>49C5F3901872885700E24D00</string>
				<string>49C5F38B1872885700E24D00</string>
			</array>
			<key>isa</key>
			<string>PBXGroup</string>
			<key>path</key>
			<string>SSBFranchiseToolTests</string>
			<key>sourceTree</key>
			<string>&lt;group&gt;</string>
		</dict>
		<key>49C5F38B1872885700E24D00</key>
		<dict>
			<key>children</key>
			<array>
				<string>49C5F38C1872885700E24D00</string>
				<string>49C5F38D1872885700E24D00</string>
			</array>
			<key>isa</key>
			<string>PBXGroup</string>
			<key>name</key>
			<string>Supporting Files</string>
			<key>sourceTree</key>
			<string>&lt;group&gt;</string>
		</dict>
		<key>49C5F38C1872885700E24D00</key>
		<dict>
			<key>isa</key>
			<string>PBXFileReference</string>
			<key>lastKnownFileType</key>
			<string>text.plist.xml</string>
			<key>path</key>
			<string>SSBFranchiseToolTests-Info.plist</string>
			<key>sourceTree</key>
			<string>&lt;group&gt;</string>
		</dict>
		<key>49C5F38D1872885700E24D00</key>
		<dict>
			<key>children</key>
			<array>
				<string>49C5F38E1872885700E24D00</string>
			</array>
			<key>isa</key>
			<string>PBXVariantGroup</string>
			<key>name</key>
			<string>InfoPlist.strings</string>
			<key>sourceTree</key>
			<string>&lt;group&gt;</string>
		</dict>
		<key>49C5F38E1872885700E24D00</key>
		<dict>
			<key>isa</key>
			<string>PBXFileReference</string>
			<key>lastKnownFileType</key>
			<string>text.plist.strings</string>
			<key>name</key>
			<string>en</string>
			<key>path</key>
			<string>en.lproj/InfoPlist.strings</string>
			<key>sourceTree</key>
			<string>&lt;group&gt;</string>
		</dict>
		<key>49C5F38F1872885700E24D00</key>
		<dict>
			<key>fileRef</key>
			<string>49C5F38D1872885700E24D00</string>
			<key>isa</key>
			<string>PBXBuildFile</string>
		</dict>
		<key>49C5F3901872885700E24D00</key>
		<dict>
			<key>isa</key>
			<string>PBXFileReference</string>
			<key>lastKnownFileType</key>
			<string>sourcecode.c.objc</string>
			<key>path</key>
			<string>SSBFranchiseToolTests.m</string>
			<key>sourceTree</key>
			<string>&lt;group&gt;</string>
		</dict>
		<key>49C5F3911872885700E24D00</key>
		<dict>
			<key>fileRef</key>
			<string>49C5F3901872885700E24D00</string>
			<key>isa</key>
			<string>PBXBuildFile</string>
		</dict>
		<key>49C5F3921872885700E24D00</key>
		<dict>
			<key>buildSettings</key>
			<dict>
				<key>ALWAYS_SEARCH_USER_PATHS</key>
				<string>NO</string>
				<key>CLANG_CXX_LANGUAGE_STANDARD</key>
				<string>gnu++0x</string>
				<key>CLANG_CXX_LIBRARY</key>
				<string>libc++</string>
				<key>CLANG_ENABLE_OBJC_ARC</key>
				<string>YES</string>
				<key>CLANG_WARN_BOOL_CONVERSION</key>
				<string>YES</string>
				<key>CLANG_WARN_CONSTANT_CONVERSION</key>
				<string>YES</string>
				<key>CLANG_WARN_DIRECT_OBJC_ISA_USAGE</key>
				<string>YES_ERROR</string>
				<key>CLANG_WARN_EMPTY_BODY</key>
				<string>YES</string>
				<key>CLANG_WARN_ENUM_CONVERSION</key>
				<string>YES</string>
				<key>CLANG_WARN_INT_CONVERSION</key>
				<string>YES</string>
				<key>CLANG_WARN_OBJC_ROOT_CLASS</key>
				<string>YES_ERROR</string>
				<key>CLANG_WARN__DUPLICATE_METHOD_MATCH</key>
				<string>YES</string>
				<key>COPY_PHASE_STRIP</key>
				<string>NO</string>
				<key>GCC_C_LANGUAGE_STANDARD</key>
				<string>gnu99</string>
				<key>GCC_DYNAMIC_NO_PIC</key>
				<string>NO</string>
				<key>GCC_ENABLE_OBJC_EXCEPTIONS</key>
				<string>YES</string>
				<key>GCC_OPTIMIZATION_LEVEL</key>
				<string>0</string>
				<key>GCC_PREPROCESSOR_DEFINITIONS</key>
				<array>
					<string>DEBUG=1</string>
					<string>$(inherited)</string>
				</array>
				<key>GCC_SYMBOLS_PRIVATE_EXTERN</key>
				<string>NO</string>
				<key>GCC_WARN_64_TO_32_BIT_CONVERSION</key>
				<string>YES</string>
				<key>GCC_WARN_ABOUT_RETURN_TYPE</key>
				<string>YES_ERROR</string>
				<key>GCC_WARN_UNDECLARED_SELECTOR</key>
				<string>YES</string>
				<key>GCC_WARN_UNINITIALIZED_AUTOS</key>
				<string>YES</string>
				<key>GCC_WARN_UNUSED_FUNCTION</key>
				<string>YES</string>
				<key>GCC_WARN_UNUSED_VARIABLE</key>
				<string>YES</string>
				<key>MACOSX_DEPLOYMENT_TARGET</key>
				<string>10.8</string>
				<key>ONLY_ACTIVE_ARCH</key>
				<string>YES</string>
				<key>SDKROOT</key>
				<string>macosx</string>
			</dict>
			<key>isa</key>
			<string>XCBuildConfiguration</string>
			<key>name</key>
			<string>Debug</string>
		</dict>
		<key>49C5F3931872885700E24D00</key>
		<dict>
			<key>buildSettings</key>
			<dict>
				<key>ALWAYS_SEARCH_USER_PATHS</key>
				<string>NO</string>
				<key>CLANG_CXX_LANGUAGE_STANDARD</key>
				<string>gnu++0x</string>
				<key>CLANG_CXX_LIBRARY</key>
				<string>libc++</string>
				<key>CLANG_ENABLE_OBJC_ARC</key>
				<string>YES</string>
				<key>CLANG_WARN_BOOL_CONVERSION</key>
				<string>YES</string>
				<key>CLANG_WARN_CONSTANT_CONVERSION</key>
				<string>YES</string>
				<key>CLANG_WARN_DIRECT_OBJC_ISA_USAGE</key>
				<string>YES_ERROR</string>
				<key>CLANG_WARN_EMPTY_BODY</key>
				<string>YES</string>
				<key>CLANG_WARN_ENUM_CONVERSION</key>
				<string>YES</string>
				<key>CLANG_WARN_INT_CONVERSION</key>
				<string>YES</string>
				<key>CLANG_WARN_OBJC_ROOT_CLASS</key>
				<string>YES_ERROR</string>
				<key>CLANG_WARN__DUPLICATE_METHOD_MATCH</key>
				<string>YES</string>
				<key>COPY_PHASE_STRIP</key>
				<string>YES</string>
				<key>DEBUG_INFORMATION_FORMAT</key>
				<string>dwarf-with-dsym</string>
				<key>ENABLE_NS_ASSERTIONS</key>
				<string>NO</string>
				<key>GCC_C_LANGUAGE_STANDARD</key>
				<string>gnu99</string>
				<key>GCC_ENABLE_OBJC_EXCEPTIONS</key>
				<string>YES</string>
				<key>GCC_WARN_64_TO_32_BIT_CONVERSION</key>
				<string>YES</string>
				<key>GCC_WARN_ABOUT_RETURN_TYPE</key>
				<string>YES_ERROR</string>
				<key>GCC_WARN_UNDECLARED_SELECTOR</key>
				<string>YES</string>
				<key>GCC_WARN_UNINITIALIZED_AUTOS</key>
				<string>YES</string>
				<key>GCC_WARN_UNUSED_FUNCTION</key>
				<string>YES</string>
				<key>GCC_WARN_UNUSED_VARIABLE</key>
				<string>YES</string>
				<key>MACOSX_DEPLOYMENT_TARGET</key>
				<string>10.8</string>
				<key>SDKROOT</key>
				<string>macosx</string>
			</dict>
			<key>isa</key>
			<string>XCBuildConfiguration</string>
			<key>name</key>
			<string>Release</string>
		</dict>
		<key>49C5F3941872885700E24D00</key>
		<dict>
			<key>buildConfigurations</key>
			<array>
				<string>49C5F3951872885700E24D00</string>
				<string>49C5F3961872885700E24D00</string>
			</array>
			<key>defaultConfigurationIsVisible</key>
			<string>0</string>
			<key>defaultConfigurationName</key>
			<string>Release</string>
			<key>isa</key>
			<string>XCConfigurationList</string>
		</dict>
		<key>49C5F3951872885700E24D00</key>
		<dict>
			<key>baseConfigurationReference</key>
			<string>8F77560E27DC42839938A651</string>
			<key>buildSettings</key>
			<dict>
				<key>COMBINE_HIDPI_IMAGES</key>
				<string>YES</string>
				<key>GCC_PRECOMPILE_PREFIX_HEADER</key>
				<string>YES</string>
				<key>GCC_PREFIX_HEADER</key>
				<string>SSBFranchiseTool/SSBFranchiseTool-Prefix.pch</string>
				<key>INFOPLIST_FILE</key>
				<string>SSBFranchiseTool/SSBFranchiseTool-Info.plist</string>
				<key>PRODUCT_NAME</key>
				<string>$(TARGET_NAME)</string>
				<key>WRAPPER_EXTENSION</key>
				<string>app</string>
			</dict>
			<key>isa</key>
			<string>XCBuildConfiguration</string>
			<key>name</key>
			<string>Debug</string>
		</dict>
		<key>49C5F3961872885700E24D00</key>
		<dict>
			<key>baseConfigurationReference</key>
			<string>8F77560E27DC42839938A651</string>
			<key>buildSettings</key>
			<dict>
				<key>COMBINE_HIDPI_IMAGES</key>
				<string>YES</string>
				<key>GCC_PRECOMPILE_PREFIX_HEADER</key>
				<string>YES</string>
				<key>GCC_PREFIX_HEADER</key>
				<string>SSBFranchiseTool/SSBFranchiseTool-Prefix.pch</string>
				<key>INFOPLIST_FILE</key>
				<string>SSBFranchiseTool/SSBFranchiseTool-Info.plist</string>
				<key>PRODUCT_NAME</key>
				<string>$(TARGET_NAME)</string>
				<key>WRAPPER_EXTENSION</key>
				<string>app</string>
			</dict>
			<key>isa</key>
			<string>XCBuildConfiguration</string>
			<key>name</key>
			<string>Release</string>
		</dict>
		<key>49C5F3971872885700E24D00</key>
		<dict>
			<key>buildConfigurations</key>
			<array>
				<string>49C5F3981872885700E24D00</string>
				<string>49C5F3991872885700E24D00</string>
			</array>
			<key>defaultConfigurationIsVisible</key>
			<string>0</string>
			<key>defaultConfigurationName</key>
			<string>Release</string>
			<key>isa</key>
			<string>XCConfigurationList</string>
		</dict>
		<key>49C5F3981872885700E24D00</key>
		<dict>
			<key>buildSettings</key>
			<dict>
				<key>BUNDLE_LOADER</key>
				<string>$(BUILT_PRODUCTS_DIR)/SSBFranchiseTool.app/Contents/MacOS/SSBFranchiseTool</string>
				<key>COMBINE_HIDPI_IMAGES</key>
				<string>YES</string>
				<key>FRAMEWORK_SEARCH_PATHS</key>
				<array>
					<string>$(DEVELOPER_FRAMEWORKS_DIR)</string>
					<string>$(inherited)</string>
				</array>
				<key>GCC_PRECOMPILE_PREFIX_HEADER</key>
				<string>YES</string>
				<key>GCC_PREFIX_HEADER</key>
				<string>SSBFranchiseTool/SSBFranchiseTool-Prefix.pch</string>
				<key>GCC_PREPROCESSOR_DEFINITIONS</key>
				<array>
					<string>DEBUG=1</string>
					<string>$(inherited)</string>
				</array>
				<key>INFOPLIST_FILE</key>
				<string>SSBFranchiseToolTests/SSBFranchiseToolTests-Info.plist</string>
				<key>PRODUCT_NAME</key>
				<string>$(TARGET_NAME)</string>
				<key>TEST_HOST</key>
				<string>$(BUNDLE_LOADER)</string>
				<key>WRAPPER_EXTENSION</key>
				<string>xctest</string>
			</dict>
			<key>isa</key>
			<string>XCBuildConfiguration</string>
			<key>name</key>
			<string>Debug</string>
		</dict>
		<key>49C5F3991872885700E24D00</key>
		<dict>
			<key>buildSettings</key>
			<dict>
				<key>BUNDLE_LOADER</key>
				<string>$(BUILT_PRODUCTS_DIR)/SSBFranchiseTool.app/Contents/MacOS/SSBFranchiseTool</string>
				<key>COMBINE_HIDPI_IMAGES</key>
				<string>YES</string>
				<key>FRAMEWORK_SEARCH_PATHS</key>
				<array>
					<string>$(DEVELOPER_FRAMEWORKS_DIR)</string>
					<string>$(inherited)</string>
				</array>
				<key>GCC_PRECOMPILE_PREFIX_HEADER</key>
				<string>YES</string>
				<key>GCC_PREFIX_HEADER</key>
				<string>SSBFranchiseTool/SSBFranchiseTool-Prefix.pch</string>
				<key>INFOPLIST_FILE</key>
				<string>SSBFranchiseToolTests/SSBFranchiseToolTests-Info.plist</string>
				<key>PRODUCT_NAME</key>
				<string>$(TARGET_NAME)</string>
				<key>TEST_HOST</key>
				<string>$(BUNDLE_LOADER)</string>
				<key>WRAPPER_EXTENSION</key>
				<string>xctest</string>
			</dict>
			<key>isa</key>
			<string>XCBuildConfiguration</string>
			<key>name</key>
			<string>Release</string>
		</dict>
		<key>49C5F3A0187296CD00E24D00</key>
		<dict>
			<key>isa</key>
			<string>PBXFileReference</string>
			<key>lastKnownFileType</key>
			<string>image.icns</string>
			<key>path</key>
			<string>ssb.icns</string>
			<key>sourceTree</key>
			<string>&lt;group&gt;</string>
		</dict>
		<key>49C5F3A1187296CD00E24D00</key>
		<dict>
			<key>fileRef</key>
			<string>49C5F3A0187296CD00E24D00</string>
			<key>isa</key>
			<string>PBXBuildFile</string>
		</dict>
		<key>8F77560E27DC42839938A651</key>
		<dict>
			<key>includeInIndex</key>
			<string>1</string>
			<key>isa</key>
			<string>PBXFileReference</string>
			<key>lastKnownFileType</key>
			<string>text.xcconfig</string>
			<key>name</key>
			<string>Pods.xcconfig</string>
			<key>path</key>
			<string>Pods/Pods.xcconfig</string>
			<key>sourceTree</key>
			<string>&lt;group&gt;</string>
		</dict>
		<key>959BC9EA8CA4403E8CA983AA</key>
		<dict>
			<key>buildActionMask</key>
			<string>2147483647</string>
			<key>files</key>
			<array/>
			<key>inputPaths</key>
			<array/>
			<key>isa</key>
			<string>PBXShellScriptBuildPhase</string>
			<key>name</key>
			<string>Copy Pods Resources</string>
			<key>outputPaths</key>
			<array/>
			<key>runOnlyForDeploymentPostprocessing</key>
			<string>0</string>
			<key>shellPath</key>
			<string>/bin/sh</string>
			<key>shellScript</key>
			<string>"${SRCROOT}/Pods/Pods-resources.sh"
</string>
			<key>showEnvVarsInLog</key>
			<string>0</string>
		</dict>
		<key>A1821E8A293547B5ADA06A1C</key>
		<dict>
			<key>fileRef</key>
			<string>079AE16BAE09411887F321F5</string>
			<key>isa</key>
			<string>PBXBuildFile</string>
		</dict>
		<key>B6DF2E3E51394786AB47E7AE</key>
		<dict>
			<key>buildActionMask</key>
			<string>2147483647</string>
			<key>files</key>
			<array/>
			<key>inputPaths</key>
			<array/>
			<key>isa</key>
			<string>PBXShellScriptBuildPhase</string>
			<key>name</key>
			<string>Check Pods Manifest.lock</string>
			<key>outputPaths</key>
			<array/>
			<key>runOnlyForDeploymentPostprocessing</key>
			<string>0</string>
			<key>shellPath</key>
			<string>/bin/sh</string>
			<key>shellScript</key>
			<string>diff "${PODS_ROOT}/../Podfile.lock" "${PODS_ROOT}/Manifest.lock" &gt; /dev/null
if [[ $? != 0 ]] ; then
    cat &lt;&lt; EOM
error: The sandbox is not in sync with the Podfile.lock. Run 'pod install' or update your CocoaPods installation.
EOM
    exit 1
fi
</string>
			<key>showEnvVarsInLog</key>
			<string>0</string>
		</dict>
	</dict>
	<key>rootObject</key>
	<string>49C5F3581872885600E24D00</string>
</dict>
</plist>
